
Microsoft Visual Studio Solution File, Format Version 12.00
# Visual Studio Version 17
VisualStudioVersion = 17.5.33627.172
MinimumVisualStudioVersion = 10.0.40219.1
Project("{9A19103F-16F7-4668-BE54-9A1E7A4F7556}") = "Finals_QuizApp", "Midterms_QuizApp\Finals_QuizApp.csproj", "{E6E76E9D-A0B0-4508-B6B3-C9E20634D1F5}"
EndProject
Global
	GlobalSection(SolutionConfigurationPlatforms) = preSolution
		Debug|Any CPU = Debug|Any CPU
		Release|Any CPU = Release|Any CPU
	EndGlobalSection
	GlobalSection(ProjectConfigurationPlatforms) = postSolution
		{E6E76E9D-A0B0-4508-B6B3-C9E20634D1F5}.Debug|Any CPU.ActiveCfg = Debug|Any CPU
		{E6E76E9D-A0B0-4508-B6B3-C9E20634D1F5}.Debug|Any CPU.Build.0 = Debug|Any CPU
		{E6E76E9D-A0B0-4508-B6B3-C9E20634D1F5}.Release|Any CPU.ActiveCfg = Release|Any CPU
		{E6E76E9D-A0B0-4508-B6B3-C9E20634D1F5}.Release|Any CPU.Build.0 = Release|Any CPU
	EndGlobalSection
	GlobalSection(SolutionProperties) = preSolution
		HideSolutionNode = FALSE
	EndGlobalSection
	GlobalSection(ExtensibilityGlobals) = postSolution
		SolutionGuid = {22D28D40-53F2-4FEE-B991-8ACDAF367B0F}
	EndGlobalSection
EndGlobal
